{
  "version": 4,
  "terraform_version": "1.9.5",
  "serial": 4,
  "lineage": "634556ee-fa47-258d-3ae9-c45d13d60d85",
  "outputs": {},
  "resources": [
    {
      "module": "module.bigquery",
      "mode": "managed",
      "type": "google_bigquery_dataset",
      "name": "main",
      "provider": "provider[\"registry.terraform.io/hashicorp/google\"]",
      "instances": [
        {
          "schema_version": 0,
          "attributes": {
            "access": [
              {
                "dataset": [],
                "domain": "",
                "group_by_email": "",
                "iam_member": "",
                "role": "OWNER",
                "routine": [],
                "special_group": "projectOwners",
                "user_by_email": "",
                "view": []
              }
            ],
            "creation_time": 1728406906745,
            "dataset_id": "bigquery_cdc",
            "default_collation": "",
            "default_encryption_configuration": [],
            "default_partition_expiration_ms": 0,
            "default_table_expiration_ms": 0,
            "delete_contents_on_destroy": false,
            "description": "dataset for storing llm evalution results",
            "effective_labels": {
              "billable": "true",
              "env": "dev",
              "owner": "janesmith"
            },
            "etag": "F/ml5yJ7zaW+dkyJssvprA==",
            "external_dataset_reference": [],
            "friendly_name": "bigquery_cdc",
            "id": "projects/sacred-alliance-433217-e3/datasets/bigquery_cdc",
            "is_case_insensitive": false,
            "labels": {
              "billable": "true",
              "env": "dev",
              "owner": "janesmith"
            },
            "last_modified_time": 1728406906745,
            "location": "US",
            "max_time_travel_hours": "168",
            "project": "sacred-alliance-433217-e3",
            "resource_tags": null,
            "self_link": "https://bigquery.googleapis.com/bigquery/v2/projects/sacred-alliance-433217-e3/datasets/bigquery_cdc",
            "storage_billing_model": "",
            "terraform_labels": {
              "billable": "true",
              "env": "dev",
              "owner": "janesmith"
            },
            "timeouts": null
          },
          "sensitive_attributes": [],
          "private": "eyJlMmJmYjczMC1lY2FhLTExZTYtOGY4OC0zNDM2M2JjN2M0YzAiOnsiY3JlYXRlIjoxMjAwMDAwMDAwMDAwLCJkZWxldGUiOjEyMDAwMDAwMDAwMDAsInVwZGF0ZSI6MTIwMDAwMDAwMDAwMH19"
        }
      ]
    }
  ],
  "check_results": null
}
